// !$*UTF8*$!
{
	archiveVersion = 1;
	classes = {
	};
	objectVersion = 50;
	objects = {

/* Begin PBXBuildFile section */
		45CDCC12213866DC008C605A /* AppDelegate.swift in Sources */ = {isa = PBXBuildFile; fileRef = 45CDCC11213866DC008C605A /* AppDelegate.swift */; };
		45CDCC14213866DD008C605A /* ViewController.swift in Sources */ = {isa = PBXBuildFile; fileRef = 45CDCC13213866DD008C605A /* ViewController.swift */; };
		45CDCC17213866DD008C605A /* Main.storyboard in Resources */ = {isa = PBXBuildFile; fileRef = 45CDCC15213866DD008C605A /* Main.storyboard */; };
		45CDCC19213866DE008C605A /* Assets.xcassets in Resources */ = {isa = PBXBuildFile; fileRef = 45CDCC18213866DE008C605A /* Assets.xcassets */; };
		45CDCC1C213866DE008C605A /* LaunchScreen.storyboard in Resources */ = {isa = PBXBuildFile; fileRef = 45CDCC1A213866DE008C605A /* LaunchScreen.storyboard */; };
		45CDCC27213866DE008C605A /* You_Are_Awesome_Tests.swift in Sources */ = {isa = PBXBuildFile; fileRef = 45CDCC26213866DE008C605A /* You_Are_Awesome_Tests.swift */; };
		45CDCC32213866DE008C605A /* You_Are_Awesome_UITests.swift in Sources */ = {isa = PBXBuildFile; fileRef = 45CDCC31213866DE008C605A /* You_Are_Awesome_UITests.swift */; };
/* End PBXBuildFile section */

/* Begin PBXContainerItemProxy section */
		45CDCC23213866DE008C605A /* PBXContainerItemProxy */ = {
			isa = PBXContainerItemProxy;
			containerPortal = 45CDCC06213866DC008C605A /* Project object */;
			proxyType = 1;
			remoteGlobalIDString = 45CDCC0D213866DC008C605A;
			remoteInfo = "You Are Awesome!";
		};
		45CDCC2E213866DE008C605A /* PBXContainerItemProxy */ = {
			isa = PBXContainerItemProxy;
			containerPortal = 45CDCC06213866DC008C605A /* Project object */;
			proxyType = 1;
			remoteGlobalIDString = 45CDCC0D213866DC008C605A;
			remoteInfo = "You Are Awesome!";
		};
/* End PBXContainerItemProxy section */

/* Begin PBXFileReference section */
		452AD61B214474C000E5124C /* Function Playground.playground */ = {isa = PBXFileReference; lastKnownFileType = file.playground; name = "Function Playground.playground"; path = "../Function Playground.playground"; sourceTree = "<group>"; xcLanguageSpecificationIdentifier = xcode.lang.swift; };
		45CDCC0E213866DC008C605A /* You Are Awesome!.app */ = {isa = PBXFileReference; explicitFileType = wrapper.application; includeInIndex = 0; path = "You Are Awesome!.app"; sourceTree = BUILT_PRODUCTS_DIR; };
		45CDCC11213866DC008C605A /* AppDelegate.swift */ = {isa = PBXFileReference; lastKnownFileType = sourcecode.swift; path = AppDelegate.swift; sourceTree = "<group>"; };
		45CDCC13213866DD008C605A /* ViewController.swift */ = {isa = PBXFileReference; lastKnownFileType = sourcecode.swift; path = ViewController.swift; sourceTree = "<group>"; };
		45CDCC16213866DD008C605A /* Base */ = {isa = PBXFileReference; lastKnownFileType = file.storyboard; name = Base; path = Base.lproj/Main.storyboard; sourceTree = "<group>"; };
		45CDCC18213866DE008C605A /* Assets.xcassets */ = {isa = PBXFileReference; lastKnownFileType = folder.assetcatalog; path = Assets.xcassets; sourceTree = "<group>"; };
		45CDCC1B213866DE008C605A /* Base */ = {isa = PBXFileReference; lastKnownFileType = file.storyboard; name = Base; path = Base.lproj/LaunchScreen.storyboard; sourceTree = "<group>"; };
		45CDCC1D213866DE008C605A /* Info.plist */ = {isa = PBXFileReference; lastKnownFileType = text.plist.xml; path = Info.plist; sourceTree = "<group>"; };
		45CDCC22213866DE008C605A /* You Are Awesome!Tests.xctest */ = {isa = PBXFileReference; explicitFileType = wrapper.cfbundle; includeInIndex = 0; path = "You Are Awesome!Tests.xctest"; sourceTree = BUILT_PRODUCTS_DIR; };
		45CDCC26213866DE008C605A /* You_Are_Awesome_Tests.swift */ = {isa = PBXFileReference; lastKnownFileType = sourcecode.swift; path = You_Are_Awesome_Tests.swift; sourceTree = "<group>"; };
		45CDCC28213866DE008C605A /* Info.plist */ = {isa = PBXFileReference; lastKnownFileType = text.plist.xml; path = Info.plist; sourceTree = "<group>"; };
		45CDCC2D213866DE008C605A /* You Are Awesome!UITests.xctest */ = {isa = PBXFileReference; explicitFileType = wrapper.cfbundle; includeInIndex = 0; path = "You Are Awesome!UITests.xctest"; sourceTree = BUILT_PRODUCTS_DIR; };
		45CDCC31213866DE008C605A /* You_Are_Awesome_UITests.swift */ = {isa = PBXFileReference; lastKnownFileType = sourcecode.swift; path = You_Are_Awesome_UITests.swift; sourceTree = "<group>"; };
		45CDCC33213866DE008C605A /* Info.plist */ = {isa = PBXFileReference; lastKnownFileType = text.plist.xml; path = Info.plist; sourceTree = "<group>"; };
/* End PBXFileReference section */

/* Begin PBXFrameworksBuildPhase section */
		45CDCC0B213866DC008C605A /* Frameworks */ = {
			isa = PBXFrameworksBuildPhase;
			buildActionMask = 2147483647;
			files = (
			);
			runOnlyForDeploymentPostprocessing = 0;
		};
		45CDCC1F213866DE008C605A /* Frameworks */ = {
			isa = PBXFrameworksBuildPhase;
			buildActionMask = 2147483647;
			files = (
			);
			runOnlyForDeploymentPostprocessing = 0;
		};
		45CDCC2A213866DE008C605A /* Frameworks */ = {
			isa = PBXFrameworksBuildPhase;
			buildActionMask = 2147483647;
			files = (
			);
			runOnlyForDeploymentPostprocessing = 0;
		};
/* End PBXFrameworksBuildPhase section */

/* Begin PBXGroup section */
		45CDCC05213866DC008C605A = {
			isa = PBXGroup;
			children = (
				452AD61B214474C000E5124C /* Function Playground.playground */,
				45CDCC10213866DC008C605A /* You Are Awesome! */,
				45CDCC25213866DE008C605A /* You Are Awesome!Tests */,
				45CDCC30213866DE008C605A /* You Are Awesome!UITests */,
				45CDCC0F213866DC008C605A /* Products */,
			);
			sourceTree = "<group>";
		};
		45CDCC0F213866DC008C605A /* Products */ = {
			isa = PBXGroup;
			children = (
				45CDCC0E213866DC008C605A /* You Are Awesome!.app */,
				45CDCC22213866DE008C605A /* You Are Awesome!Tests.xctest */,
				45CDCC2D213866DE008C605A /* You Are Awesome!UITests.xctest */,
			);
			name = Products;
			sourceTree = "<group>";
		};
		45CDCC10213866DC008C605A /* You Are Awesome! */ = {
			isa = PBXGroup;
			children = (
				45CDCC11213866DC008C605A /* AppDelegate.swift */,
				45CDCC13213866DD008C605A /* ViewController.swift */,
				45CDCC15213866DD008C605A /* Main.storyboard */,
				45CDCC18213866DE008C605A /* Assets.xcassets */,
				45CDCC1A213866DE008C605A /* LaunchScreen.storyboard */,
				45CDCC1D213866DE008C605A /* Info.plist */,
			);
			path = "You Are Awesome!";
			sourceTree = "<group>";
		};
		45CDCC25213866DE008C605A /* You Are Awesome!Tests */ = {
			isa = PBXGroup;
			children = (
				45CDCC26213866DE008C605A /* You_Are_Awesome_Tests.swift */,
				45CDCC28213866DE008C605A /* Info.plist */,
			);
			path = "You Are Awesome!Tests";
			sourceTree = "<group>";
		};
		45CDCC30213866DE008C605A /* You Are Awesome!UITests */ = {
			isa = PBXGroup;
			children = (
				45CDCC31213866DE008C605A /* You_Are_Awesome_UITests.swift */,
				45CDCC33213866DE008C605A /* Info.plist */,
			);
			path = "You Are Awesome!UITests";
			sourceTree = "<group>";
		};
/* End PBXGroup section */

/* Begin PBXNativeTarget section */
		45CDCC0D213866DC008C605A /* You Are Awesome! */ = {
			isa = PBXNativeTarget;
			buildConfigurationList = 45CDCC36213866DE008C605A /* Build configuration list for PBXNativeTarget "You Are Awesome!" */;
			buildPhases = (
				45CDCC0A213866DC008C605A /* Sources */,
				45CDCC0B213866DC008C605A /* Frameworks */,
				45CDCC0C213866DC008C605A /* Resources */,
			);
			buildRules = (
			);
			dependencies = (
			);
			name = "You Are Awesome!";
			productName = "You Are Awesome!";
			productReference = 45CDCC0E213866DC008C605A /* You Are Awesome!.app */;
			productType = "com.apple.product-type.application";
		};
		45CDCC21213866DE008C605A /* You Are Awesome!Tests */ = {
			isa = PBXNativeTarget;
			buildConfigurationList = 45CDCC39213866DE008C605A /* Build configuration list for PBXNativeTarget "You Are Awesome!Tests" */;
			buildPhases = (
				45CDCC1E213866DE008C605A /* Sources */,
				45CDCC1F213866DE008C605A /* Frameworks */,
				45CDCC20213866DE008C605A /* Resources */,
			);
			buildRules = (
			);
			dependencies = (
				45CDCC24213866DE008C605A /* PBXTargetDependency */,
			);
			name = "You Are Awesome!Tests";
			productName = "You Are Awesome!Tests";
			productReference = 45CDCC22213866DE008C605A /* You Are Awesome!Tests.xctest */;
			productType = "com.apple.product-type.bundle.unit-test";
		};
		45CDCC2C213866DE008C605A /* You Are Awesome!UITests */ = {
			isa = PBXNativeTarget;
			buildConfigurationList = 45CDCC3C213866DE008C605A /* Build configuration list for PBXNativeTarget "You Are Awesome!UITests" */;
			buildPhases = (
				45CDCC29213866DE008C605A /* Sources */,
				45CDCC2A213866DE008C605A /* Frameworks */,
				45CDCC2B213866DE008C605A /* Resources */,
			);
			buildRules = (
			);
			dependencies = (
				45CDCC2F213866DE008C605A /* PBXTargetDependency */,
			);
			name = "You Are Awesome!UITests";
			productName = "You Are Awesome!UITests";
			productReference = 45CDCC2D213866DE008C605A /* You Are Awesome!UITests.xctest */;
			productType = "com.apple.product-type.bundle.ui-testing";
		};
/* End PBXNativeTarget section */

/* Begin PBXProject section */
		45CDCC06213866DC008C605A /* Project object */ = {
			isa = PBXProject;
			attributes = {
				LastSwiftUpdateCheck = 1000;
				LastUpgradeCheck = 1000;
				ORGANIZATIONNAME = "J. Lozano";
				TargetAttributes = {
					45CDCC0D213866DC008C605A = {
						CreatedOnToolsVersion = 10.0;
					};
					45CDCC21213866DE008C605A = {
						CreatedOnToolsVersion = 10.0;
						TestTargetID = 45CDCC0D213866DC008C605A;
					};
					45CDCC2C213866DE008C605A = {
						CreatedOnToolsVersion = 10.0;
						TestTargetID = 45CDCC0D213866DC008C605A;
					};
				};
			};
			buildConfigurationList = 45CDCC09213866DC008C605A /* Build configuration list for PBXProject "You Are Awesome!" */;
			compatibilityVersion = "Xcode 9.3";
			developmentRegion = en;
			hasScannedForEncodings = 0;
			knownRegions = (
				en,
				Base,
			);
			mainGroup = 45CDCC05213866DC008C605A;
			productRefGroup = 45CDCC0F213866DC008C605A /* Products */;
			projectDirPath = "";
			projectRoot = "";
			targets = (
				45CDCC0D213866DC008C605A /* You Are Awesome! */,
				45CDCC21213866DE008C605A /* You Are Awesome!Tests */,
				45CDCC2C213866DE008C605A /* You Are Awesome!UITests */,
			);
		};
/* End PBXProject section */

/* Begin PBXResourcesBuildPhase section */
		45CDCC0C213866DC008C605A /* Resources */ = {
			isa = PBXResourcesBuildPhase;
			buildActionMask = 2147483647;
			files = (
				45CDCC1C213866DE008C605A /* LaunchScreen.storyboard in Resources */,
				45CDCC19213866DE008C605A /* Assets.xcassets in Resources */,
				45CDCC17213866DD008C605A /* Main.storyboard in Resources */,
			);
			runOnlyForDeploymentPostprocessing = 0;
		};
		45CDCC20213866DE008C605A /* Resources */ = {
			isa = PBXResourcesBuildPhase;
			buildActionMask = 2147483647;
			files = (
			);
			runOnlyForDeploymentPostprocessing = 0;
		};
		45CDCC2B213866DE008C605A /* Resources */ = {
			isa = PBXResourcesBuildPhase;
			buildActionMask = 2147483647;
			files = (
			);
			runOnlyForDeploymentPostprocessing = 0;
		};
/* End PBXResourcesBuildPhase section */

/* Begin PBXSourcesBuildPhase section */
		45CDCC0A213866DC008C605A /* Sources */ = {
			isa = PBXSourcesBuildPhase;
			buildActionMask = 2147483647;
			files = (
				45CDCC14213866DD008C605A /* ViewController.swift in Sources */,
				45CDCC12213866DC008C605A /* AppDelegate.swift in Sources */,
			);
			runOnlyForDeploymentPostprocessing = 0;
		};
		45CDCC1E213866DE008C605A /* Sources */ = {
			isa = PBXSourcesBuildPhase;
			buildActionMask = 2147483647;
			files = (
				45CDCC27213866DE008C605A /* You_Are_Awesome_Tests.swift in Sources */,
			);
			runOnlyForDeploymentPostprocessing = 0;
		};
		45CDCC29213866DE008C605A /* Sources */ = {
			isa = PBXSourcesBuildPhase;
			buildActionMask = 2147483647;
			files = (
				45CDCC32213866DE008C605A /* You_Are_Awesome_UITests.swift in Sources */,
			);
			runOnlyForDeploymentPostprocessing = 0;
		};
/* End PBXSourcesBuildPhase section */

/* Begin PBXTargetDependency section */
		45CDCC24213866DE008C605A /* PBXTargetDependency */ = {
			isa = PBXTargetDependency;
			target = 45CDCC0D213866DC008C605A /* You Are Awesome! */;
			targetProxy = 45CDCC23213866DE008C605A /* PBXContainerItemProxy */;
		};
		45CDCC2F213866DE008C605A /* PBXTargetDependency */ = {
			isa = PBXTargetDependency;
			target = 45CDCC0D213866DC008C605A /* You Are Awesome! */;
			targetProxy = 45CDCC2E213866DE008C605A /* PBXContainerItemProxy */;
		};
/* End PBXTargetDependency section */

/* Begin PBXVariantGroup section */
		45CDCC15213866DD008C605A /* Main.storyboard */ = {
			isa = PBXVariantGroup;
			children = (
				45CDCC16213866DD008C605A /* Base */,
			);
			name = Main.storyboard;
			sourceTree = "<group>";
		};
		45CDCC1A213866DE008C605A /* LaunchScreen.storyboard */ = {
			isa = PBXVariantGroup;
			children = (
				45CDCC1B213866DE008C605A /* Base */,
			);
			name = LaunchScreen.storyboard;
			sourceTree = "<group>";
		};
/* End PBXVariantGroup section */

/* Begin XCBuildConfiguration section */
		45CDCC34213866DE008C605A /* Debug */ = {
			isa = XCBuildConfiguration;
			buildSettings = {
				ALWAYS_SEARCH_USER_PATHS = NO;
				CLANG_ANALYZER_NONNULL = YES;
				CLANG_ANALYZER_NUMBER_OBJECT_CONVERSION = YES_AGGRESSIVE;
				CLANG_CXX_LANGUAGE_STANDARD = "gnu++14";
				CLANG_CXX_LIBRARY = "libc++";
				CLANG_ENABLE_MODULES = YES;
				CLANG_ENABLE_OBJC_ARC = YES;
				CLANG_ENABLE_OBJC_WEAK = YES;
				CLANG_WARN_BLOCK_CAPTURE_AUTORELEASING = YES;
				CLANG_WARN_BOOL_CONVERSION = YES;
				CLANG_WARN_COMMA = YES;
				CLANG_WARN_CONSTANT_CONVERSION = YES;
				CLANG_WARN_DEPRECATED_OBJC_IMPLEMENTATIONS = YES;
				CLANG_WARN_DIRECT_OBJC_ISA_USAGE = YES_ERROR;
				CLANG_WARN_DOCUMENTATION_COMMENTS = YES;
				CLANG_WARN_EMPTY_BODY = YES;
				CLANG_WARN_ENUM_CONVERSION = YES;
				CLANG_WARN_INFINITE_RECURSION = YES;
				CLANG_WARN_INT_CONVERSION = YES;
				CLANG_WARN_NON_LITERAL_NULL_CONVERSION = YES;
				CLANG_WARN_OBJC_IMPLICIT_RETAIN_SELF = YES;
				CLANG_WARN_OBJC_LITERAL_CONVERSION = YES;
				CLANG_WARN_OBJC_ROOT_CLASS = YES_ERROR;
				CLANG_WARN_RANGE_LOOP_ANALYSIS = YES;
				CLANG_WARN_STRICT_PROTOTYPES = YES;
				CLANG_WARN_SUSPICIOUS_MOVE = YES;
				CLANG_WARN_UNGUARDED_AVAILABILITY = YES_AGGRESSIVE;
				CLANG_WARN_UNREACHABLE_CODE = YES;
				CLANG_WARN__DUPLICATE_METHOD_MATCH = YES;
				CODE_SIGN_IDENTITY = "iPhone Developer";
				COPY_PHASE_STRIP = NO;
				DEBUG_INFORMATION_FORMAT = dwarf;
				ENABLE_STRICT_OBJC_MSGSEND = YES;
				ENABLE_TESTABILITY = YES;
				GCC_C_LANGUAGE_STANDARD = gnu11;
				GCC_DYNAMIC_NO_PIC = NO;
				GCC_NO_COMMON_BLOCKS = YES;
				GCC_OPTIMIZATION_LEVEL = 0;
				GCC_PREPROCESSOR_DEFINITIONS = (
					"DEBUG=1",
					"$(inherited)",
				);
				GCC_WARN_64_TO_32_BIT_CONVERSION = YES;
				GCC_WARN_ABOUT_RETURN_TYPE = YES_ERROR;
				GCC_WARN_UNDECLARED_SELECTOR = YES;
				GCC_WARN_UNINITIALIZED_AUTOS = YES_AGGRESSIVE;
				GCC_WARN_UNUSED_FUNCTION = YES;
				GCC_WARN_UNUSED_VARIABLE = YES;
				IPHONEOS_DEPLOYMENT_TARGET = 12.0;
				MTL_ENABLE_DEBUG_INFO = INCLUDE_SOURCE;
				MTL_FAST_MATH = YES;
				ONLY_ACTIVE_ARCH = YES;
				SDKROOT = iphoneos;
				SWIFT_ACTIVE_COMPILATION_CONDITIONS = DEBUG;
				SWIFT_OPTIMIZATION_LEVEL = "-Onone";
			};
			name = Debug;
		};
		45CDCC35213866DE008C605A /* Release */ = {
			isa = XCBuildConfiguration;
			buildSettings = {
				ALWAYS_SEARCH_USER_PATHS = NO;
				CLANG_ANALYZER_NONNULL = YES;
				CLANG_ANALYZER_NUMBER_OBJECT_CONVERSION = YES_AGGRESSIVE;
				CLANG_CXX_LANGUAGE_STANDARD = "gnu++14";
				CLANG_CXX_LIBRARY = "libc++";
				CLANG_ENABLE_MODULES = YES;
				CLANG_ENABLE_OBJC_ARC = YES;
				CLANG_ENABLE_OBJC_WEAK = YES;
				CLANG_WARN_BLOCK_CAPTURE_AUTORELEASING = YES;
				CLANG_WARN_BOOL_CONVERSION = YES;
				CLANG_WARN_COMMA = YES;
				CLANG_WARN_CONSTANT_CONVERSION = YES;
				CLANG_WARN_DEPRECATED_OBJC_IMPLEMENTATIONS = YES;
				CLANG_WARN_DIRECT_OBJC_ISA_USAGE = YES_ERROR;
				CLANG_WARN_DOCUMENTATION_COMMENTS = YES;
				CLANG_WARN_EMPTY_BODY = YES;
				CLANG_WARN_ENUM_CONVERSION = YES;
				CLANG_WARN_INFINITE_RECURSION = YES;
				CLANG_WARN_INT_CONVERSION = YES;
				CLANG_WARN_NON_LITERAL_NULL_CONVERSION = YES;
				CLANG_WARN_OBJC_IMPLICIT_RETAIN_SELF = YES;
				CLANG_WARN_OBJC_LITERAL_CONVERSION = YES;
				CLANG_WARN_OBJC_ROOT_CLASS = YES_ERROR;
				CLANG_WARN_RANGE_LOOP_ANALYSIS = YES;
				CLANG_WARN_STRICT_PROTOTYPES = YES;
				CLANG_WARN_SUSPICIOUS_MOVE = YES;
				CLANG_WARN_UNGUARDED_AVAILABILITY = YES_AGGRESSIVE;
				CLANG_WARN_UNREACHABLE_CODE = YES;
				CLANG_WARN__DUPLICATE_METHOD_MATCH = YES;
				CODE_SIGN_IDENTITY = "iPhone Developer";
				COPY_PHASE_STRIP = NO;
				DEBUG_INFORMATION_FORMAT = "dwarf-with-dsym";
				ENABLE_NS_ASSERTIONS = NO;
				ENABLE_STRICT_OBJC_MSGSEND = YES;
				GCC_C_LANGUAGE_STANDARD = gnu11;
				GCC_NO_COMMON_BLOCKS = YES;
				GCC_WARN_64_TO_32_BIT_CONVERSION = YES;
				GCC_WARN_ABOUT_RETURN_TYPE = YES_ERROR;
				GCC_WARN_UNDECLARED_SELECTOR = YES;
				GCC_WARN_UNINITIALIZED_AUTOS = YES_AGGRESSIVE;
				GCC_WARN_UNUSED_FUNCTION = YES;
				GCC_WARN_UNUSED_VARIABLE = YES;
				IPHONEOS_DEPLOYMENT_TARGET = 12.0;
				MTL_ENABLE_DEBUG_INFO = NO;
				MTL_FAST_MATH = YES;
				SDKROOT = iphoneos;
				SWIFT_COMPILATION_MODE = wholemodule;
				SWIFT_OPTIMIZATION_LEVEL = "-O";
				VALIDATE_PRODUCT = YES;
			};
			name = Release;
		};
		45CDCC37213866DE008C605A /* Debug */ = {
			isa = XCBuildConfiguration;
			buildSettings = {
				ASSETCATALOG_COMPILER_APPICON_NAME = AppIcon;
				CODE_SIGN_STYLE = Automatic;
				INFOPLIST_FILE = "You Are Awesome!/Info.plist";
				LD_RUNPATH_SEARCH_PATHS = (
					"$(inherited)",
					"@executable_path/Frameworks",
				);
				PRODUCT_BUNDLE_IDENTIFIER = "Jolene-Lozano.You-Are-Awesome-";
				PRODUCT_NAME = "$(TARGET_NAME)";
				SWIFT_VERSION = 4.2;
				TARGETED_DEVICE_FAMILY = "1,2";
			};
			name = Debug;
		};
		45CDCC38213866DE008C605A /* Release */ = {
			isa = XCBuildConfiguration;
			buildSettings = {
				ASSETCATALOG_COMPILER_APPICON_NAME = AppIcon;
				CODE_SIGN_STYLE = Automatic;
				INFOPLIST_FILE = "You Are Awesome!/Info.plist";
				LD_RUNPATH_SEARCH_PATHS = (
					"$(inherited)",
					"@executable_path/Frameworks",
				);
				PRODUCT_BUNDLE_IDENTIFIER = "Jolene-Lozano.You-Are-Awesome-";
				PRODUCT_NAME = "$(TARGET_NAME)";
				SWIFT_VERSION = 4.2;
				TARGETED_DEVICE_FAMILY = "1,2";
			};
			name = Release;
		};
		45CDCC3A213866DE008C605A /* Debug */ = {
			isa = XCBuildConfiguration;
			buildSettings = {
				ALWAYS_EMBED_SWIFT_STANDARD_LIBRARIES = YES;
				BUNDLE_LOADER = "$(TEST_HOST)";
				CODE_SIGN_STYLE = Automatic;
				INFOPLIST_FILE = "You Are Awesome!Tests/Info.plist";
				LD_RUNPATH_SEARCH_PATHS = (
					"$(inherited)",
					"@executable_path/Frameworks",
					"@loader_path/Frameworks",
				);
				PRODUCT_BUNDLE_IDENTIFIER = "Jolene-Lozano.You-Are-Awesome-Tests";
				PRODUCT_NAME = "$(TARGET_NAME)";
				SWIFT_VERSION = 4.2;
				TARGETED_DEVICE_FAMILY = "1,2";
				TEST_HOST = "$(BUILT_PRODUCTS_DIR)/You Are Awesome!.app/You Are Awesome!";
			};
			name = Debug;
		};
		45CDCC3B213866DE008C605A /* Release */ = {
			isa = XCBuildConfiguration;
			buildSettings = {
				ALWAYS_EMBED_SWIFT_STANDARD_LIBRARIES = YES;
				BUNDLE_LOADER = "$(TEST_HOST)";
				CODE_SIGN_STYLE = Automatic;
				INFOPLIST_FILE = "You Are Awesome!Tests/Info.plist";
				LD_RUNPATH_SEARCH_PATHS = (
					"$(inherited)",
					"@executable_path/Frameworks",
					"@loader_path/Frameworks",
				);
				PRODUCT_BUNDLE_IDENTIFIER = "Jolene-Lozano.You-Are-Awesome-Tests";
				PRODUCT_NAME = "$(TARGET_NAME)";
				SWIFT_VERSION = 4.2;
				TARGETED_DEVICE_FAMILY = "1,2";
				TEST_HOST = "$(BUILT_PRODUCTS_DIR)/You Are Awesome!.app/You Are Awesome!";
			};
			name = Release;
		};
		45CDCC3D213866DE008C605A /* Debug */ = {
			isa = XCBuildConfiguration;
			buildSettings = {
				ALWAYS_EMBED_SWIFT_STANDARD_LIBRARIES = YES;
				CODE_SIGN_STYLE = Automatic;
				INFOPLIST_FILE = "You Are Awesome!UITests/Info.plist";
				LD_RUNPATH_SEARCH_PATHS = (
					"$(inherited)",
					"@executable_path/Frameworks",
					"@loader_path/Frameworks",
				);
				PRODUCT_BUNDLE_IDENTIFIER = "Jolene-Lozano.You-Are-Awesome-UITests";
				PRODUCT_NAME = "$(TARGET_NAME)";
				SWIFT_VERSION = 4.2;
				TARGETED_DEVICE_FAMILY = "1,2";
				TEST_TARGET_NAME = "You Are Awesome!";
			};
			name = Debug;
		};
		45CDCC3E213866DE008C605A /* Release */ = {
			isa = XCBuildConfiguration;
			buildSettings = {
				ALWAYS_EMBED_SWIFT_STANDARD_LIBRARIES = YES;
				CODE_SIGN_STYLE = Automatic;
				INFOPLIST_FILE = "You Are Awesome!UITests/Info.plist";
				LD_RUNPATH_SEARCH_PATHS = (
					"$(inherited)",
					"@executable_path/Frameworks",
					"@loader_path/Frameworks",
				);
				PRODUCT_BUNDLE_IDENTIFIER = "Jolene-Lozano.You-Are-Awesome-UITests";
				PRODUCT_NAME = "$(TARGET_NAME)";
				SWIFT_VERSION = 4.2;
				TARGETED_DEVICE_FAMILY = "1,2";
				TEST_TARGET_NAME = "You Are Awesome!";
			};
			name = Release;
		};
/* End XCBuildConfiguration section */

/* Begin XCConfigurationList section */
		45CDCC09213866DC008C605A /* Build configuration list for PBXProject "You Are Awesome!" */ = {
			isa = XCConfigurationList;
			buildConfigurations = (
				45CDCC34213866DE008C605A /* Debug */,
				45CDCC35213866DE008C605A /* Release */,
			);
			defaultConfigurationIsVisible = 0;
			defaultConfigurationName = Release;
		};
		45CDCC36213866DE008C605A /* Build configuration list for PBXNativeTarget "You Are Awesome!" */ = {
			isa = XCConfigurationList;
			buildConfigurations = (
				45CDCC37213866DE008C605A /* Debug */,
				45CDCC38213866DE008C605A /* Release */,
			);
			defaultConfigurationIsVisible = 0;
			defaultConfigurationName = Release;
		};
		45CDCC39213866DE008C605A /* Build configuration list for PBXNativeTarget "You Are Awesome!Tests" */ = {
			isa = XCConfigurationList;
			buildConfigurations = (
				45CDCC3A213866DE008C605A /* Debug */,
				45CDCC3B213866DE008C605A /* Release */,
			);
			defaultConfigurationIsVisible = 0;
			defaultConfigurationName = Release;
		};
		45CDCC3C213866DE008C605A /* Build configuration list for PBXNativeTarget "You Are Awesome!UITests" */ = {
			isa = XCConfigurationList;
			buildConfigurations = (
				45CDCC3D213866DE008C605A /* Debug */,
				45CDCC3E213866DE008C605A /* Release */,
			);
			defaultConfigurationIsVisible = 0;
			defaultConfigurationName = Release;
		};
/* End XCConfigurationList section */
	};
	rootObject = 45CDCC06213866DC008C605A /* Project object */;
}
